
Microsoft Visual Studio Solution File, Format Version 12.00
# Visual Studio Version 16
VisualStudioVersion = 16.0.29709.97
MinimumVisualStudioVersion = 10.0.40219.1
Project("{FAE04EC0-301F-11D3-BF4B-00C04F79EFBC}") = "RadioWPFApp", "RadioWPFApp\RadioWPFApp.csproj", "{CAFFE225-9500-43A4-A8BD-AC7384AF19E5}"
EndProject
Project("{FAE04EC0-301F-11D3-BF4B-00C04F79EFBC}") = "RadioTests", "RadioTests\RadioTests.csproj", "{3F508505-98C3-4F05-BBC5-4F127E320CA7}"
EndProject
Global
	GlobalSection(SolutionConfigurationPlatforms) = preSolution
		Debug|Any CPU = Debug|Any CPU
		Release|Any CPU = Release|Any CPU
	EndGlobalSection
	GlobalSection(ProjectConfigurationPlatforms) = postSolution
		{CAFFE225-9500-43A4-A8BD-AC7384AF19E5}.Debug|Any CPU.ActiveCfg = Debug|Any CPU
		{CAFFE225-9500-43A4-A8BD-AC7384AF19E5}.Debug|Any CPU.Build.0 = Debug|Any CPU
		{CAFFE225-9500-43A4-A8BD-AC7384AF19E5}.Release|Any CPU.ActiveCfg = Release|Any CPU
		{CAFFE225-9500-43A4-A8BD-AC7384AF19E5}.Release|Any CPU.Build.0 = Release|Any CPU
		{3F508505-98C3-4F05-BBC5-4F127E320CA7}.Debug|Any CPU.ActiveCfg = Debug|Any CPU
		{3F508505-98C3-4F05-BBC5-4F127E320CA7}.Debug|Any CPU.Build.0 = Debug|Any CPU
		{3F508505-98C3-4F05-BBC5-4F127E320CA7}.Release|Any CPU.ActiveCfg = Release|Any CPU
		{3F508505-98C3-4F05-BBC5-4F127E320CA7}.Release|Any CPU.Build.0 = Release|Any CPU
	EndGlobalSection
	GlobalSection(SolutionProperties) = preSolution
		HideSolutionNode = FALSE
	EndGlobalSection
	GlobalSection(ExtensibilityGlobals) = postSolution
		SolutionGuid = {E781BCEA-739D-4F16-ACE8-41B191D9C10D}
	EndGlobalSection
EndGlobal
